// !$*UTF8*$!
{
	archiveVersion = 1;
	classes = {
	};
	objectVersion = 50;
	objects = {

/* Begin PBXBuildFile section */
		19D7760F2164C94F003EAEDA /* AppDelegate.swift in Sources */ = {isa = PBXBuildFile; fileRef = 19D7760E2164C94F003EAEDA /* AppDelegate.swift */; };
		19D776112164C94F003EAEDA /* GoalsVC.swift in Sources */ = {isa = PBXBuildFile; fileRef = 19D776102164C94F003EAEDA /* GoalsVC.swift */; };
		19D776142164C94F003EAEDA /* Main.storyboard in Resources */ = {isa = PBXBuildFile; fileRef = 19D776122164C94F003EAEDA /* Main.storyboard */; };
		19D776172164C94F003EAEDA /* goalpost_app.xcdatamodeld in Sources */ = {isa = PBXBuildFile; fileRef = 19D776152164C94F003EAEDA /* goalpost_app.xcdatamodeld */; };
		19D776192164C951003EAEDA /* Assets.xcassets in Resources */ = {isa = PBXBuildFile; fileRef = 19D776182164C951003EAEDA /* Assets.xcassets */; };
		19D7761C2164C951003EAEDA /* LaunchScreen.storyboard in Resources */ = {isa = PBXBuildFile; fileRef = 19D7761A2164C951003EAEDA /* LaunchScreen.storyboard */; };
		19D77628216614ED003EAEDA /* GoalCell.swift in Sources */ = {isa = PBXBuildFile; fileRef = 19D77627216614ED003EAEDA /* GoalCell.swift */; };
		19D7762A2166250D003EAEDA /* GoalType.swift in Sources */ = {isa = PBXBuildFile; fileRef = 19D776292166250D003EAEDA /* GoalType.swift */; };
		19D7762C21662D38003EAEDA /* CreateGoalVC.swift in Sources */ = {isa = PBXBuildFile; fileRef = 19D7762B21662D38003EAEDA /* CreateGoalVC.swift */; };
		19D7762E21663605003EAEDA /* UIViewControllerExt.swift in Sources */ = {isa = PBXBuildFile; fileRef = 19D7762D21663605003EAEDA /* UIViewControllerExt.swift */; };
		19D7763021663BE6003EAEDA /* UIViewExt.swift in Sources */ = {isa = PBXBuildFile; fileRef = 19D7762F21663BE6003EAEDA /* UIViewExt.swift */; };
		19D7763221664178003EAEDA /* UIButtonExt.swift in Sources */ = {isa = PBXBuildFile; fileRef = 19D7763121664178003EAEDA /* UIButtonExt.swift */; };
		19D7763421664776003EAEDA /* FinishGoalVC.swift in Sources */ = {isa = PBXBuildFile; fileRef = 19D7763321664776003EAEDA /* FinishGoalVC.swift */; };
/* End PBXBuildFile section */

/* Begin PBXFileReference section */
		19D7760B2164C94F003EAEDA /* goalpost-app.app */ = {isa = PBXFileReference; explicitFileType = wrapper.application; includeInIndex = 0; path = "goalpost-app.app"; sourceTree = BUILT_PRODUCTS_DIR; };
		19D7760E2164C94F003EAEDA /* AppDelegate.swift */ = {isa = PBXFileReference; lastKnownFileType = sourcecode.swift; path = AppDelegate.swift; sourceTree = "<group>"; };
		19D776102164C94F003EAEDA /* GoalsVC.swift */ = {isa = PBXFileReference; lastKnownFileType = sourcecode.swift; path = GoalsVC.swift; sourceTree = "<group>"; };
		19D776132164C94F003EAEDA /* Base */ = {isa = PBXFileReference; lastKnownFileType = file.storyboard; name = Base; path = Base.lproj/Main.storyboard; sourceTree = "<group>"; };
		19D776162164C94F003EAEDA /* goalpost_app.xcdatamodel */ = {isa = PBXFileReference; lastKnownFileType = wrapper.xcdatamodel; path = goalpost_app.xcdatamodel; sourceTree = "<group>"; };
		19D776182164C951003EAEDA /* Assets.xcassets */ = {isa = PBXFileReference; lastKnownFileType = folder.assetcatalog; path = Assets.xcassets; sourceTree = "<group>"; };
		19D7761B2164C951003EAEDA /* Base */ = {isa = PBXFileReference; lastKnownFileType = file.storyboard; name = Base; path = Base.lproj/LaunchScreen.storyboard; sourceTree = "<group>"; };
		19D7761D2164C951003EAEDA /* Info.plist */ = {isa = PBXFileReference; lastKnownFileType = text.plist.xml; path = Info.plist; sourceTree = "<group>"; };
		19D77627216614ED003EAEDA /* GoalCell.swift */ = {isa = PBXFileReference; lastKnownFileType = sourcecode.swift; path = GoalCell.swift; sourceTree = "<group>"; };
		19D776292166250D003EAEDA /* GoalType.swift */ = {isa = PBXFileReference; lastKnownFileType = sourcecode.swift; path = GoalType.swift; sourceTree = "<group>"; };
		19D7762B21662D38003EAEDA /* CreateGoalVC.swift */ = {isa = PBXFileReference; lastKnownFileType = sourcecode.swift; path = CreateGoalVC.swift; sourceTree = "<group>"; };
		19D7762D21663605003EAEDA /* UIViewControllerExt.swift */ = {isa = PBXFileReference; lastKnownFileType = sourcecode.swift; path = UIViewControllerExt.swift; sourceTree = "<group>"; };
		19D7762F21663BE6003EAEDA /* UIViewExt.swift */ = {isa = PBXFileReference; lastKnownFileType = sourcecode.swift; path = UIViewExt.swift; sourceTree = "<group>"; };
		19D7763121664178003EAEDA /* UIButtonExt.swift */ = {isa = PBXFileReference; lastKnownFileType = sourcecode.swift; path = UIButtonExt.swift; sourceTree = "<group>"; };
		19D7763321664776003EAEDA /* FinishGoalVC.swift */ = {isa = PBXFileReference; lastKnownFileType = sourcecode.swift; path = FinishGoalVC.swift; sourceTree = "<group>"; };
/* End PBXFileReference section */

/* Begin PBXFrameworksBuildPhase section */
		19D776082164C94F003EAEDA /* Frameworks */ = {
			isa = PBXFrameworksBuildPhase;
			buildActionMask = 2147483647;
			files = (
			);
			runOnlyForDeploymentPostprocessing = 0;
		};
/* End PBXFrameworksBuildPhase section */

/* Begin PBXGroup section */
		19D776022164C94F003EAEDA = {
			isa = PBXGroup;
			children = (
				19D7760D2164C94F003EAEDA /* goalpost-app */,
				19D7760C2164C94F003EAEDA /* Products */,
			);
			sourceTree = "<group>";
		};
		19D7760C2164C94F003EAEDA /* Products */ = {
			isa = PBXGroup;
			children = (
				19D7760B2164C94F003EAEDA /* goalpost-app.app */,
			);
			name = Products;
			sourceTree = "<group>";
		};
		19D7760D2164C94F003EAEDA /* goalpost-app */ = {
			isa = PBXGroup;
			children = (
				19D776262164CA28003EAEDA /* Extensions */,
				19D776252164CA1C003EAEDA /* Enums */,
				19D776242164C9B6003EAEDA /* View */,
				19D776232164C9AB003EAEDA /* Controller */,
				19D7760E2164C94F003EAEDA /* AppDelegate.swift */,
				19D776122164C94F003EAEDA /* Main.storyboard */,
				19D776182164C951003EAEDA /* Assets.xcassets */,
				19D7761A2164C951003EAEDA /* LaunchScreen.storyboard */,
				19D7761D2164C951003EAEDA /* Info.plist */,
				19D776152164C94F003EAEDA /* goalpost_app.xcdatamodeld */,
			);
			path = "goalpost-app";
			sourceTree = "<group>";
		};
		19D776232164C9AB003EAEDA /* Controller */ = {
			isa = PBXGroup;
			children = (
				19D776102164C94F003EAEDA /* GoalsVC.swift */,
				19D7762B21662D38003EAEDA /* CreateGoalVC.swift */,
				19D7763321664776003EAEDA /* FinishGoalVC.swift */,
			);
			path = Controller;
			sourceTree = "<group>";
		};
		19D776242164C9B6003EAEDA /* View */ = {
			isa = PBXGroup;
			children = (
				19D77627216614ED003EAEDA /* GoalCell.swift */,
			);
			path = View;
			sourceTree = "<group>";
		};
		19D776252164CA1C003EAEDA /* Enums */ = {
			isa = PBXGroup;
			children = (
				19D776292166250D003EAEDA /* GoalType.swift */,
			);
			path = Enums;
			sourceTree = "<group>";
		};
		19D776262164CA28003EAEDA /* Extensions */ = {
			isa = PBXGroup;
			children = (
				19D7762D21663605003EAEDA /* UIViewControllerExt.swift */,
				19D7762F21663BE6003EAEDA /* UIViewExt.swift */,
				19D7763121664178003EAEDA /* UIButtonExt.swift */,
			);
			path = Extensions;
			sourceTree = "<group>";
		};
/* End PBXGroup section */

/* Begin PBXNativeTarget section */
		19D7760A2164C94F003EAEDA /* goalpost-app */ = {
			isa = PBXNativeTarget;
			buildConfigurationList = 19D776202164C951003EAEDA /* Build configuration list for PBXNativeTarget "goalpost-app" */;
			buildPhases = (
				19D776072164C94F003EAEDA /* Sources */,
				19D776082164C94F003EAEDA /* Frameworks */,
				19D776092164C94F003EAEDA /* Resources */,
			);
			buildRules = (
			);
			dependencies = (
			);
			name = "goalpost-app";
			productName = "goalpost-app";
			productReference = 19D7760B2164C94F003EAEDA /* goalpost-app.app */;
			productType = "com.apple.product-type.application";
		};
/* End PBXNativeTarget section */

/* Begin PBXProject section */
		19D776032164C94F003EAEDA /* Project object */ = {
			isa = PBXProject;
			attributes = {
				LastSwiftUpdateCheck = 0940;
				LastUpgradeCheck = 0940;
				ORGANIZATIONNAME = "김영석";
				TargetAttributes = {
					19D7760A2164C94F003EAEDA = {
						CreatedOnToolsVersion = 9.4.1;
					};
				};
			};
			buildConfigurationList = 19D776062164C94F003EAEDA /* Build configuration list for PBXProject "goalpost-app" */;
			compatibilityVersion = "Xcode 9.3";
			developmentRegion = en;
			hasScannedForEncodings = 0;
			knownRegions = (
				en,
				Base,
			);
			mainGroup = 19D776022164C94F003EAEDA;
			productRefGroup = 19D7760C2164C94F003EAEDA /* Products */;
			projectDirPath = "";
			projectRoot = "";
			targets = (
				19D7760A2164C94F003EAEDA /* goalpost-app */,
			);
		};
/* End PBXProject section */

/* Begin PBXResourcesBuildPhase section */
		19D776092164C94F003EAEDA /* Resources */ = {
			isa = PBXResourcesBuildPhase;
			buildActionMask = 2147483647;
			files = (
				19D7761C2164C951003EAEDA /* LaunchScreen.storyboard in Resources */,
				19D776192164C951003EAEDA /* Assets.xcassets in Resources */,
				19D776142164C94F003EAEDA /* Main.storyboard in Resources */,
			);
			runOnlyForDeploymentPostprocessing = 0;
		};
/* End PBXResourcesBuildPhase section */

/* Begin PBXSourcesBuildPhase section */
		19D776072164C94F003EAEDA /* Sources */ = {
			isa = PBXSourcesBuildPhase;
			buildActionMask = 2147483647;
			files = (
				19D77628216614ED003EAEDA /* GoalCell.swift in Sources */,
				19D7762C21662D38003EAEDA /* CreateGoalVC.swift in Sources */,
				19D7762A2166250D003EAEDA /* GoalType.swift in Sources */,
				19D776112164C94F003EAEDA /* GoalsVC.swift in Sources */,
				19D7763021663BE6003EAEDA /* UIViewExt.swift in Sources */,
				19D7760F2164C94F003EAEDA /* AppDelegate.swift in Sources */,
				19D7762E21663605003EAEDA /* UIViewControllerExt.swift in Sources */,
				19D7763221664178003EAEDA /* UIButtonExt.swift in Sources */,
				19D7763421664776003EAEDA /* FinishGoalVC.swift in Sources */,
				19D776172164C94F003EAEDA /* goalpost_app.xcdatamodeld in Sources */,
			);
			runOnlyForDeploymentPostprocessing = 0;
		};
/* End PBXSourcesBuildPhase section */

/* Begin PBXVariantGroup section */
		19D776122164C94F003EAEDA /* Main.storyboard */ = {
			isa = PBXVariantGroup;
			children = (
				19D776132164C94F003EAEDA /* Base */,
			);
			name = Main.storyboard;
			sourceTree = "<group>";
		};
		19D7761A2164C951003EAEDA /* LaunchScreen.storyboard */ = {
			isa = PBXVariantGroup;
			children = (
				19D7761B2164C951003EAEDA /* Base */,
			);
			name = LaunchScreen.storyboard;
			sourceTree = "<group>";
		};
/* End PBXVariantGroup section */

/* Begin XCBuildConfiguration section */
		19D7761E2164C951003EAEDA /* Debug */ = {
			isa = XCBuildConfiguration;
			buildSettings = {
				ALWAYS_SEARCH_USER_PATHS = NO;
				CLANG_ANALYZER_NONNULL = YES;
				CLANG_ANALYZER_NUMBER_OBJECT_CONVERSION = YES_AGGRESSIVE;
				CLANG_CXX_LANGUAGE_STANDARD = "gnu++14";
				CLANG_CXX_LIBRARY = "libc++";
				CLANG_ENABLE_MODULES = YES;
				CLANG_ENABLE_OBJC_ARC = YES;
				CLANG_ENABLE_OBJC_WEAK = YES;
				CLANG_WARN_BLOCK_CAPTURE_AUTORELEASING = YES;
				CLANG_WARN_BOOL_CONVERSION = YES;
				CLANG_WARN_COMMA = YES;
				CLANG_WARN_CONSTANT_CONVERSION = YES;
				CLANG_WARN_DEPRECATED_OBJC_IMPLEMENTATIONS = YES;
				CLANG_WARN_DIRECT_OBJC_ISA_USAGE = YES_ERROR;
				CLANG_WARN_DOCUMENTATION_COMMENTS = YES;
				CLANG_WARN_EMPTY_BODY = YES;
				CLANG_WARN_ENUM_CONVERSION = YES;
				CLANG_WARN_INFINITE_RECURSION = YES;
				CLANG_WARN_INT_CONVERSION = YES;
				CLANG_WARN_NON_LITERAL_NULL_CONVERSION = YES;
				CLANG_WARN_OBJC_IMPLICIT_RETAIN_SELF = YES;
				CLANG_WARN_OBJC_LITERAL_CONVERSION = YES;
				CLANG_WARN_OBJC_ROOT_CLASS = YES_ERROR;
				CLANG_WARN_RANGE_LOOP_ANALYSIS = YES;
				CLANG_WARN_STRICT_PROTOTYPES = YES;
				CLANG_WARN_SUSPICIOUS_MOVE = YES;
				CLANG_WARN_UNGUARDED_AVAILABILITY = YES_AGGRESSIVE;
				CLANG_WARN_UNREACHABLE_CODE = YES;
				CLANG_WARN__DUPLICATE_METHOD_MATCH = YES;
				CODE_SIGN_IDENTITY = "iPhone Developer";
				COPY_PHASE_STRIP = NO;
				DEBUG_INFORMATION_FORMAT = dwarf;
				ENABLE_STRICT_OBJC_MSGSEND = YES;
				ENABLE_TESTABILITY = YES;
				GCC_C_LANGUAGE_STANDARD = gnu11;
				GCC_DYNAMIC_NO_PIC = NO;
				GCC_NO_COMMON_BLOCKS = YES;
				GCC_OPTIMIZATION_LEVEL = 0;
				GCC_PREPROCESSOR_DEFINITIONS = (
					"DEBUG=1",
					"$(inherited)",
				);
				GCC_WARN_64_TO_32_BIT_CONVERSION = YES;
				GCC_WARN_ABOUT_RETURN_TYPE = YES_ERROR;
				GCC_WARN_UNDECLARED_SELECTOR = YES;
				GCC_WARN_UNINITIALIZED_AUTOS = YES_AGGRESSIVE;
				GCC_WARN_UNUSED_FUNCTION = YES;
				GCC_WARN_UNUSED_VARIABLE = YES;
				IPHONEOS_DEPLOYMENT_TARGET = 11.4;
				MTL_ENABLE_DEBUG_INFO = YES;
				ONLY_ACTIVE_ARCH = YES;
				SDKROOT = iphoneos;
				SWIFT_ACTIVE_COMPILATION_CONDITIONS = DEBUG;
				SWIFT_OPTIMIZATION_LEVEL = "-Onone";
			};
			name = Debug;
		};
		19D7761F2164C951003EAEDA /* Release */ = {
			isa = XCBuildConfiguration;
			buildSettings = {
				ALWAYS_SEARCH_USER_PATHS = NO;
				CLANG_ANALYZER_NONNULL = YES;
				CLANG_ANALYZER_NUMBER_OBJECT_CONVERSION = YES_AGGRESSIVE;
				CLANG_CXX_LANGUAGE_STANDARD = "gnu++14";
				CLANG_CXX_LIBRARY = "libc++";
				CLANG_ENABLE_MODULES = YES;
				CLANG_ENABLE_OBJC_ARC = YES;
				CLANG_ENABLE_OBJC_WEAK = YES;
				CLANG_WARN_BLOCK_CAPTURE_AUTORELEASING = YES;
				CLANG_WARN_BOOL_CONVERSION = YES;
				CLANG_WARN_COMMA = YES;
				CLANG_WARN_CONSTANT_CONVERSION = YES;
				CLANG_WARN_DEPRECATED_OBJC_IMPLEMENTATIONS = YES;
				CLANG_WARN_DIRECT_OBJC_ISA_USAGE = YES_ERROR;
				CLANG_WARN_DOCUMENTATION_COMMENTS = YES;
				CLANG_WARN_EMPTY_BODY = YES;
				CLANG_WARN_ENUM_CONVERSION = YES;
				CLANG_WARN_INFINITE_RECURSION = YES;
				CLANG_WARN_INT_CONVERSION = YES;
				CLANG_WARN_NON_LITERAL_NULL_CONVERSION = YES;
				CLANG_WARN_OBJC_IMPLICIT_RETAIN_SELF = YES;
				CLANG_WARN_OBJC_LITERAL_CONVERSION = YES;
				CLANG_WARN_OBJC_ROOT_CLASS = YES_ERROR;
				CLANG_WARN_RANGE_LOOP_ANALYSIS = YES;
				CLANG_WARN_STRICT_PROTOTYPES = YES;
				CLANG_WARN_SUSPICIOUS_MOVE = YES;
				CLANG_WARN_UNGUARDED_AVAILABILITY = YES_AGGRESSIVE;
				CLANG_WARN_UNREACHABLE_CODE = YES;
				CLANG_WARN__DUPLICATE_METHOD_MATCH = YES;
				CODE_SIGN_IDENTITY = "iPhone Developer";
				COPY_PHASE_STRIP = NO;
				DEBUG_INFORMATION_FORMAT = "dwarf-with-dsym";
				ENABLE_NS_ASSERTIONS = NO;
				ENABLE_STRICT_OBJC_MSGSEND = YES;
				GCC_C_LANGUAGE_STANDARD = gnu11;
				GCC_NO_COMMON_BLOCKS = YES;
				GCC_WARN_64_TO_32_BIT_CONVERSION = YES;
				GCC_WARN_ABOUT_RETURN_TYPE = YES_ERROR;
				GCC_WARN_UNDECLARED_SELECTOR = YES;
				GCC_WARN_UNINITIALIZED_AUTOS = YES_AGGRESSIVE;
				GCC_WARN_UNUSED_FUNCTION = YES;
				GCC_WARN_UNUSED_VARIABLE = YES;
				IPHONEOS_DEPLOYMENT_TARGET = 11.4;
				MTL_ENABLE_DEBUG_INFO = NO;
				SDKROOT = iphoneos;
				SWIFT_COMPILATION_MODE = wholemodule;
				SWIFT_OPTIMIZATION_LEVEL = "-O";
				VALIDATE_PRODUCT = YES;
			};
			name = Release;
		};
		19D776212164C951003EAEDA /* Debug */ = {
			isa = XCBuildConfiguration;
			buildSettings = {
				ASSETCATALOG_COMPILER_APPICON_NAME = AppIcon;
				CODE_SIGN_STYLE = Automatic;
				DEVELOPMENT_TEAM = Y4NG3TTR62;
				INFOPLIST_FILE = "goalpost-app/Info.plist";
				LD_RUNPATH_SEARCH_PATHS = (
					"$(inherited)",
					"@executable_path/Frameworks",
				);
				PRODUCT_BUNDLE_IDENTIFIER = "com.shinerdes.goalpost-app";
				PRODUCT_NAME = "$(TARGET_NAME)";
				SWIFT_VERSION = 4.0;
				TARGETED_DEVICE_FAMILY = "1,2";
			};
			name = Debug;
		};
		19D776222164C951003EAEDA /* Release */ = {
			isa = XCBuildConfiguration;
			buildSettings = {
				ASSETCATALOG_COMPILER_APPICON_NAME = AppIcon;
				CODE_SIGN_STYLE = Automatic;
				DEVELOPMENT_TEAM = Y4NG3TTR62;
				INFOPLIST_FILE = "goalpost-app/Info.plist";
				LD_RUNPATH_SEARCH_PATHS = (
					"$(inherited)",
					"@executable_path/Frameworks",
				);
				PRODUCT_BUNDLE_IDENTIFIER = "com.shinerdes.goalpost-app";
				PRODUCT_NAME = "$(TARGET_NAME)";
				SWIFT_VERSION = 4.0;
				TARGETED_DEVICE_FAMILY = "1,2";
			};
			name = Release;
		};
/* End XCBuildConfiguration section */

/* Begin XCConfigurationList section */
		19D776062164C94F003EAEDA /* Build configuration list for PBXProject "goalpost-app" */ = {
			isa = XCConfigurationList;
			buildConfigurations = (
				19D7761E2164C951003EAEDA /* Debug */,
				19D7761F2164C951003EAEDA /* Release */,
			);
			defaultConfigurationIsVisible = 0;
			defaultConfigurationName = Release;
		};
		19D776202164C951003EAEDA /* Build configuration list for PBXNativeTarget "goalpost-app" */ = {
			isa = XCConfigurationList;
			buildConfigurations = (
				19D776212164C951003EAEDA /* Debug */,
				19D776222164C951003EAEDA /* Release */,
			);
			defaultConfigurationIsVisible = 0;
			defaultConfigurationName = Release;
		};
/* End XCConfigurationList section */

/* Begin XCVersionGroup section */
		19D776152164C94F003EAEDA /* goalpost_app.xcdatamodeld */ = {
			isa = XCVersionGroup;
			children = (
				19D776162164C94F003EAEDA /* goalpost_app.xcdatamodel */,
			);
			currentVersion = 19D776162164C94F003EAEDA /* goalpost_app.xcdatamodel */;
			path = goalpost_app.xcdatamodeld;
			sourceTree = "<group>";
			versionGroupType = wrapper.xcdatamodel;
		};
/* End XCVersionGroup section */
	};
	rootObject = 19D776032164C94F003EAEDA /* Project object */;
}
