// !$*UTF8*$!
{
	archiveVersion = 1;
	classes = {
	};
	objectVersion = 50;
	objects = {

/* Begin PBXBuildFile section */
		735A483D213D57490009B401 /* AppDelegate.swift in Sources */ = {isa = PBXBuildFile; fileRef = 735A483C213D57490009B401 /* AppDelegate.swift */; };
		735A483F213D57490009B401 /* CategoriesVC.swift in Sources */ = {isa = PBXBuildFile; fileRef = 735A483E213D57490009B401 /* CategoriesVC.swift */; };
		735A4842213D57490009B401 /* Main.storyboard in Resources */ = {isa = PBXBuildFile; fileRef = 735A4840213D57490009B401 /* Main.storyboard */; };
		735A4844213D574B0009B401 /* Assets.xcassets in Resources */ = {isa = PBXBuildFile; fileRef = 735A4843213D574B0009B401 /* Assets.xcassets */; };
		735A4847213D574B0009B401 /* LaunchScreen.storyboard in Resources */ = {isa = PBXBuildFile; fileRef = 735A4845213D574B0009B401 /* LaunchScreen.storyboard */; };
		735A4852213D62BF0009B401 /* CategoryCell.swift in Sources */ = {isa = PBXBuildFile; fileRef = 735A4851213D62BF0009B401 /* CategoryCell.swift */; };
		735A4854213D69EE0009B401 /* Category.swift in Sources */ = {isa = PBXBuildFile; fileRef = 735A4853213D69EE0009B401 /* Category.swift */; };
		735A4857213ED0F10009B401 /* DataService.swift in Sources */ = {isa = PBXBuildFile; fileRef = 735A4856213ED0F10009B401 /* DataService.swift */; };
		735A4859213EEE600009B401 /* ProductCell.swift in Sources */ = {isa = PBXBuildFile; fileRef = 735A4858213EEE600009B401 /* ProductCell.swift */; };
		735A485B213EF5C30009B401 /* Product.swift in Sources */ = {isa = PBXBuildFile; fileRef = 735A485A213EF5C30009B401 /* Product.swift */; };
		735A485D213F035C0009B401 /* ProductsVC.swift in Sources */ = {isa = PBXBuildFile; fileRef = 735A485C213F035C0009B401 /* ProductsVC.swift */; };
/* End PBXBuildFile section */

/* Begin PBXFileReference section */
		735A4839213D57480009B401 /* coder-swag.app */ = {isa = PBXFileReference; explicitFileType = wrapper.application; includeInIndex = 0; path = "coder-swag.app"; sourceTree = BUILT_PRODUCTS_DIR; };
		735A483C213D57490009B401 /* AppDelegate.swift */ = {isa = PBXFileReference; lastKnownFileType = sourcecode.swift; path = AppDelegate.swift; sourceTree = "<group>"; };
		735A483E213D57490009B401 /* CategoriesVC.swift */ = {isa = PBXFileReference; lastKnownFileType = sourcecode.swift; path = CategoriesVC.swift; sourceTree = "<group>"; };
		735A4841213D57490009B401 /* Base */ = {isa = PBXFileReference; lastKnownFileType = file.storyboard; name = Base; path = Base.lproj/Main.storyboard; sourceTree = "<group>"; };
		735A4843213D574B0009B401 /* Assets.xcassets */ = {isa = PBXFileReference; lastKnownFileType = folder.assetcatalog; path = Assets.xcassets; sourceTree = "<group>"; };
		735A4846213D574B0009B401 /* Base */ = {isa = PBXFileReference; lastKnownFileType = file.storyboard; name = Base; path = Base.lproj/LaunchScreen.storyboard; sourceTree = "<group>"; };
		735A4848213D574B0009B401 /* Info.plist */ = {isa = PBXFileReference; lastKnownFileType = text.plist.xml; path = Info.plist; sourceTree = "<group>"; };
		735A4851213D62BF0009B401 /* CategoryCell.swift */ = {isa = PBXFileReference; lastKnownFileType = sourcecode.swift; path = CategoryCell.swift; sourceTree = "<group>"; };
		735A4853213D69EE0009B401 /* Category.swift */ = {isa = PBXFileReference; lastKnownFileType = sourcecode.swift; path = Category.swift; sourceTree = "<group>"; };
		735A4856213ED0F10009B401 /* DataService.swift */ = {isa = PBXFileReference; lastKnownFileType = sourcecode.swift; path = DataService.swift; sourceTree = "<group>"; };
		735A4858213EEE600009B401 /* ProductCell.swift */ = {isa = PBXFileReference; lastKnownFileType = sourcecode.swift; path = ProductCell.swift; sourceTree = "<group>"; };
		735A485A213EF5C30009B401 /* Product.swift */ = {isa = PBXFileReference; lastKnownFileType = sourcecode.swift; path = Product.swift; sourceTree = "<group>"; };
		735A485C213F035C0009B401 /* ProductsVC.swift */ = {isa = PBXFileReference; lastKnownFileType = sourcecode.swift; path = ProductsVC.swift; sourceTree = "<group>"; };
/* End PBXFileReference section */

/* Begin PBXFrameworksBuildPhase section */
		735A4836213D57480009B401 /* Frameworks */ = {
			isa = PBXFrameworksBuildPhase;
			buildActionMask = 2147483647;
			files = (
			);
			runOnlyForDeploymentPostprocessing = 0;
		};
/* End PBXFrameworksBuildPhase section */

/* Begin PBXGroup section */
		735A4830213D57480009B401 = {
			isa = PBXGroup;
			children = (
				735A483B213D57490009B401 /* coder-swag */,
				735A483A213D57480009B401 /* Products */,
			);
			sourceTree = "<group>";
		};
		735A483A213D57480009B401 /* Products */ = {
			isa = PBXGroup;
			children = (
				735A4839213D57480009B401 /* coder-swag.app */,
			);
			name = Products;
			sourceTree = "<group>";
		};
		735A483B213D57490009B401 /* coder-swag */ = {
			isa = PBXGroup;
			children = (
				735A4855213ED0E20009B401 /* Services */,
				735A4850213D601C0009B401 /* View */,
				735A484F213D60170009B401 /* Model */,
				735A484E213D600F0009B401 /* Controller */,
				735A483C213D57490009B401 /* AppDelegate.swift */,
				735A4840213D57490009B401 /* Main.storyboard */,
				735A4843213D574B0009B401 /* Assets.xcassets */,
				735A4845213D574B0009B401 /* LaunchScreen.storyboard */,
				735A4848213D574B0009B401 /* Info.plist */,
			);
			path = "coder-swag";
			sourceTree = "<group>";
		};
		735A484E213D600F0009B401 /* Controller */ = {
			isa = PBXGroup;
			children = (
				735A483E213D57490009B401 /* CategoriesVC.swift */,
				735A485C213F035C0009B401 /* ProductsVC.swift */,
			);
			path = Controller;
			sourceTree = "<group>";
		};
		735A484F213D60170009B401 /* Model */ = {
			isa = PBXGroup;
			children = (
				735A4853213D69EE0009B401 /* Category.swift */,
				735A485A213EF5C30009B401 /* Product.swift */,
			);
			path = Model;
			sourceTree = "<group>";
		};
		735A4850213D601C0009B401 /* View */ = {
			isa = PBXGroup;
			children = (
				735A4851213D62BF0009B401 /* CategoryCell.swift */,
				735A4858213EEE600009B401 /* ProductCell.swift */,
			);
			path = View;
			sourceTree = "<group>";
		};
		735A4855213ED0E20009B401 /* Services */ = {
			isa = PBXGroup;
			children = (
				735A4856213ED0F10009B401 /* DataService.swift */,
			);
			path = Services;
			sourceTree = "<group>";
		};
/* End PBXGroup section */

/* Begin PBXNativeTarget section */
		735A4838213D57480009B401 /* coder-swag */ = {
			isa = PBXNativeTarget;
			buildConfigurationList = 735A484B213D574B0009B401 /* Build configuration list for PBXNativeTarget "coder-swag" */;
			buildPhases = (
				735A4835213D57480009B401 /* Sources */,
				735A4836213D57480009B401 /* Frameworks */,
				735A4837213D57480009B401 /* Resources */,
			);
			buildRules = (
			);
			dependencies = (
			);
			name = "coder-swag";
			productName = "coder-swag";
			productReference = 735A4839213D57480009B401 /* coder-swag.app */;
			productType = "com.apple.product-type.application";
		};
/* End PBXNativeTarget section */

/* Begin PBXProject section */
		735A4831213D57480009B401 /* Project object */ = {
			isa = PBXProject;
			attributes = {
				LastSwiftUpdateCheck = 0940;
				LastUpgradeCheck = 0940;
				ORGANIZATIONNAME = "김영석";
				TargetAttributes = {
					735A4838213D57480009B401 = {
						CreatedOnToolsVersion = 9.4.1;
					};
				};
			};
			buildConfigurationList = 735A4834213D57480009B401 /* Build configuration list for PBXProject "coder-swag" */;
			compatibilityVersion = "Xcode 9.3";
			developmentRegion = en;
			hasScannedForEncodings = 0;
			knownRegions = (
				en,
				Base,
			);
			mainGroup = 735A4830213D57480009B401;
			productRefGroup = 735A483A213D57480009B401 /* Products */;
			projectDirPath = "";
			projectRoot = "";
			targets = (
				735A4838213D57480009B401 /* coder-swag */,
			);
		};
/* End PBXProject section */

/* Begin PBXResourcesBuildPhase section */
		735A4837213D57480009B401 /* Resources */ = {
			isa = PBXResourcesBuildPhase;
			buildActionMask = 2147483647;
			files = (
				735A4847213D574B0009B401 /* LaunchScreen.storyboard in Resources */,
				735A4844213D574B0009B401 /* Assets.xcassets in Resources */,
				735A4842213D57490009B401 /* Main.storyboard in Resources */,
			);
			runOnlyForDeploymentPostprocessing = 0;
		};
/* End PBXResourcesBuildPhase section */

/* Begin PBXSourcesBuildPhase section */
		735A4835213D57480009B401 /* Sources */ = {
			isa = PBXSourcesBuildPhase;
			buildActionMask = 2147483647;
			files = (
				735A485D213F035C0009B401 /* ProductsVC.swift in Sources */,
				735A483F213D57490009B401 /* CategoriesVC.swift in Sources */,
				735A4852213D62BF0009B401 /* CategoryCell.swift in Sources */,
				735A483D213D57490009B401 /* AppDelegate.swift in Sources */,
				735A4859213EEE600009B401 /* ProductCell.swift in Sources */,
				735A4854213D69EE0009B401 /* Category.swift in Sources */,
				735A4857213ED0F10009B401 /* DataService.swift in Sources */,
				735A485B213EF5C30009B401 /* Product.swift in Sources */,
			);
			runOnlyForDeploymentPostprocessing = 0;
		};
/* End PBXSourcesBuildPhase section */

/* Begin PBXVariantGroup section */
		735A4840213D57490009B401 /* Main.storyboard */ = {
			isa = PBXVariantGroup;
			children = (
				735A4841213D57490009B401 /* Base */,
			);
			name = Main.storyboard;
			sourceTree = "<group>";
		};
		735A4845213D574B0009B401 /* LaunchScreen.storyboard */ = {
			isa = PBXVariantGroup;
			children = (
				735A4846213D574B0009B401 /* Base */,
			);
			name = LaunchScreen.storyboard;
			sourceTree = "<group>";
		};
/* End PBXVariantGroup section */

/* Begin XCBuildConfiguration section */
		735A4849213D574B0009B401 /* Debug */ = {
			isa = XCBuildConfiguration;
			buildSettings = {
				ALWAYS_SEARCH_USER_PATHS = NO;
				CLANG_ANALYZER_NONNULL = YES;
				CLANG_ANALYZER_NUMBER_OBJECT_CONVERSION = YES_AGGRESSIVE;
				CLANG_CXX_LANGUAGE_STANDARD = "gnu++14";
				CLANG_CXX_LIBRARY = "libc++";
				CLANG_ENABLE_MODULES = YES;
				CLANG_ENABLE_OBJC_ARC = YES;
				CLANG_ENABLE_OBJC_WEAK = YES;
				CLANG_WARN_BLOCK_CAPTURE_AUTORELEASING = YES;
				CLANG_WARN_BOOL_CONVERSION = YES;
				CLANG_WARN_COMMA = YES;
				CLANG_WARN_CONSTANT_CONVERSION = YES;
				CLANG_WARN_DEPRECATED_OBJC_IMPLEMENTATIONS = YES;
				CLANG_WARN_DIRECT_OBJC_ISA_USAGE = YES_ERROR;
				CLANG_WARN_DOCUMENTATION_COMMENTS = YES;
				CLANG_WARN_EMPTY_BODY = YES;
				CLANG_WARN_ENUM_CONVERSION = YES;
				CLANG_WARN_INFINITE_RECURSION = YES;
				CLANG_WARN_INT_CONVERSION = YES;
				CLANG_WARN_NON_LITERAL_NULL_CONVERSION = YES;
				CLANG_WARN_OBJC_IMPLICIT_RETAIN_SELF = YES;
				CLANG_WARN_OBJC_LITERAL_CONVERSION = YES;
				CLANG_WARN_OBJC_ROOT_CLASS = YES_ERROR;
				CLANG_WARN_RANGE_LOOP_ANALYSIS = YES;
				CLANG_WARN_STRICT_PROTOTYPES = YES;
				CLANG_WARN_SUSPICIOUS_MOVE = YES;
				CLANG_WARN_UNGUARDED_AVAILABILITY = YES_AGGRESSIVE;
				CLANG_WARN_UNREACHABLE_CODE = YES;
				CLANG_WARN__DUPLICATE_METHOD_MATCH = YES;
				CODE_SIGN_IDENTITY = "iPhone Developer";
				COPY_PHASE_STRIP = NO;
				DEBUG_INFORMATION_FORMAT = dwarf;
				ENABLE_STRICT_OBJC_MSGSEND = YES;
				ENABLE_TESTABILITY = YES;
				GCC_C_LANGUAGE_STANDARD = gnu11;
				GCC_DYNAMIC_NO_PIC = NO;
				GCC_NO_COMMON_BLOCKS = YES;
				GCC_OPTIMIZATION_LEVEL = 0;
				GCC_PREPROCESSOR_DEFINITIONS = (
					"DEBUG=1",
					"$(inherited)",
				);
				GCC_WARN_64_TO_32_BIT_CONVERSION = YES;
				GCC_WARN_ABOUT_RETURN_TYPE = YES_ERROR;
				GCC_WARN_UNDECLARED_SELECTOR = YES;
				GCC_WARN_UNINITIALIZED_AUTOS = YES_AGGRESSIVE;
				GCC_WARN_UNUSED_FUNCTION = YES;
				GCC_WARN_UNUSED_VARIABLE = YES;
				IPHONEOS_DEPLOYMENT_TARGET = 11.4;
				MTL_ENABLE_DEBUG_INFO = YES;
				ONLY_ACTIVE_ARCH = YES;
				SDKROOT = iphoneos;
				SWIFT_ACTIVE_COMPILATION_CONDITIONS = DEBUG;
				SWIFT_OPTIMIZATION_LEVEL = "-Onone";
			};
			name = Debug;
		};
		735A484A213D574B0009B401 /* Release */ = {
			isa = XCBuildConfiguration;
			buildSettings = {
				ALWAYS_SEARCH_USER_PATHS = NO;
				CLANG_ANALYZER_NONNULL = YES;
				CLANG_ANALYZER_NUMBER_OBJECT_CONVERSION = YES_AGGRESSIVE;
				CLANG_CXX_LANGUAGE_STANDARD = "gnu++14";
				CLANG_CXX_LIBRARY = "libc++";
				CLANG_ENABLE_MODULES = YES;
				CLANG_ENABLE_OBJC_ARC = YES;
				CLANG_ENABLE_OBJC_WEAK = YES;
				CLANG_WARN_BLOCK_CAPTURE_AUTORELEASING = YES;
				CLANG_WARN_BOOL_CONVERSION = YES;
				CLANG_WARN_COMMA = YES;
				CLANG_WARN_CONSTANT_CONVERSION = YES;
				CLANG_WARN_DEPRECATED_OBJC_IMPLEMENTATIONS = YES;
				CLANG_WARN_DIRECT_OBJC_ISA_USAGE = YES_ERROR;
				CLANG_WARN_DOCUMENTATION_COMMENTS = YES;
				CLANG_WARN_EMPTY_BODY = YES;
				CLANG_WARN_ENUM_CONVERSION = YES;
				CLANG_WARN_INFINITE_RECURSION = YES;
				CLANG_WARN_INT_CONVERSION = YES;
				CLANG_WARN_NON_LITERAL_NULL_CONVERSION = YES;
				CLANG_WARN_OBJC_IMPLICIT_RETAIN_SELF = YES;
				CLANG_WARN_OBJC_LITERAL_CONVERSION = YES;
				CLANG_WARN_OBJC_ROOT_CLASS = YES_ERROR;
				CLANG_WARN_RANGE_LOOP_ANALYSIS = YES;
				CLANG_WARN_STRICT_PROTOTYPES = YES;
				CLANG_WARN_SUSPICIOUS_MOVE = YES;
				CLANG_WARN_UNGUARDED_AVAILABILITY = YES_AGGRESSIVE;
				CLANG_WARN_UNREACHABLE_CODE = YES;
				CLANG_WARN__DUPLICATE_METHOD_MATCH = YES;
				CODE_SIGN_IDENTITY = "iPhone Developer";
				COPY_PHASE_STRIP = NO;
				DEBUG_INFORMATION_FORMAT = "dwarf-with-dsym";
				ENABLE_NS_ASSERTIONS = NO;
				ENABLE_STRICT_OBJC_MSGSEND = YES;
				GCC_C_LANGUAGE_STANDARD = gnu11;
				GCC_NO_COMMON_BLOCKS = YES;
				GCC_WARN_64_TO_32_BIT_CONVERSION = YES;
				GCC_WARN_ABOUT_RETURN_TYPE = YES_ERROR;
				GCC_WARN_UNDECLARED_SELECTOR = YES;
				GCC_WARN_UNINITIALIZED_AUTOS = YES_AGGRESSIVE;
				GCC_WARN_UNUSED_FUNCTION = YES;
				GCC_WARN_UNUSED_VARIABLE = YES;
				IPHONEOS_DEPLOYMENT_TARGET = 11.4;
				MTL_ENABLE_DEBUG_INFO = NO;
				SDKROOT = iphoneos;
				SWIFT_COMPILATION_MODE = wholemodule;
				SWIFT_OPTIMIZATION_LEVEL = "-O";
				VALIDATE_PRODUCT = YES;
			};
			name = Release;
		};
		735A484C213D574B0009B401 /* Debug */ = {
			isa = XCBuildConfiguration;
			buildSettings = {
				ASSETCATALOG_COMPILER_APPICON_NAME = AppIcon;
				CODE_SIGN_STYLE = Automatic;
				DEVELOPMENT_TEAM = Y4NG3TTR62;
				INFOPLIST_FILE = "coder-swag/Info.plist";
				LD_RUNPATH_SEARCH_PATHS = (
					"$(inherited)",
					"@executable_path/Frameworks",
				);
				PRODUCT_BUNDLE_IDENTIFIER = "Remind.coder-swag";
				PRODUCT_NAME = "$(TARGET_NAME)";
				SWIFT_VERSION = 4.0;
				TARGETED_DEVICE_FAMILY = "1,2";
			};
			name = Debug;
		};
		735A484D213D574B0009B401 /* Release */ = {
			isa = XCBuildConfiguration;
			buildSettings = {
				ASSETCATALOG_COMPILER_APPICON_NAME = AppIcon;
				CODE_SIGN_STYLE = Automatic;
				DEVELOPMENT_TEAM = Y4NG3TTR62;
				INFOPLIST_FILE = "coder-swag/Info.plist";
				LD_RUNPATH_SEARCH_PATHS = (
					"$(inherited)",
					"@executable_path/Frameworks",
				);
				PRODUCT_BUNDLE_IDENTIFIER = "Remind.coder-swag";
				PRODUCT_NAME = "$(TARGET_NAME)";
				SWIFT_VERSION = 4.0;
				TARGETED_DEVICE_FAMILY = "1,2";
			};
			name = Release;
		};
/* End XCBuildConfiguration section */

/* Begin XCConfigurationList section */
		735A4834213D57480009B401 /* Build configuration list for PBXProject "coder-swag" */ = {
			isa = XCConfigurationList;
			buildConfigurations = (
				735A4849213D574B0009B401 /* Debug */,
				735A484A213D574B0009B401 /* Release */,
			);
			defaultConfigurationIsVisible = 0;
			defaultConfigurationName = Release;
		};
		735A484B213D574B0009B401 /* Build configuration list for PBXNativeTarget "coder-swag" */ = {
			isa = XCConfigurationList;
			buildConfigurations = (
				735A484C213D574B0009B401 /* Debug */,
				735A484D213D574B0009B401 /* Release */,
			);
			defaultConfigurationIsVisible = 0;
			defaultConfigurationName = Release;
		};
/* End XCConfigurationList section */
	};
	rootObject = 735A4831213D57480009B401 /* Project object */;
}
